
Microsoft Visual Studio Solution File, Format Version 12.00
# Visual Studio Version 17
VisualStudioVersion = 17.7.34031.279
MinimumVisualStudioVersion = 10.0.40219.1
Project("{FAE04EC0-301F-11D3-BF4B-00C04F79EFBC}") = "monty_hall_sim_service", "monty_hall_sim_service.csproj", "{B8BDC84D-1C2D-4124-8D3B-475BC857EA90}"
EndProject
Global
	GlobalSection(SolutionConfigurationPlatforms) = preSolution
		Debug|Any CPU = Debug|Any CPU
		Release|Any CPU = Release|Any CPU
	EndGlobalSection
	GlobalSection(ProjectConfigurationPlatforms) = postSolution
		{B8BDC84D-1C2D-4124-8D3B-475BC857EA90}.Debug|Any CPU.ActiveCfg = Debug|Any CPU
		{B8BDC84D-1C2D-4124-8D3B-475BC857EA90}.Debug|Any CPU.Build.0 = Debug|Any CPU
		{B8BDC84D-1C2D-4124-8D3B-475BC857EA90}.Release|Any CPU.ActiveCfg = Release|Any CPU
		{B8BDC84D-1C2D-4124-8D3B-475BC857EA90}.Release|Any CPU.Build.0 = Release|Any CPU
	EndGlobalSection
	GlobalSection(SolutionProperties) = preSolution
		HideSolutionNode = FALSE
	EndGlobalSection
	GlobalSection(ExtensibilityGlobals) = postSolution
		SolutionGuid = {B723E7D5-6BF9-4D35-85C9-0621A1DC3F78}
	EndGlobalSection
EndGlobal
